# This file is automatically @generated by Poetry 2.1.1 and should not be changed by hand.

[[package]]
name = "latex-generator-dazaii"
version = "0.1.0"
description = "LaTeX generator for tables and images"
optional = false
python-versions = ">=3.8"
groups = ["main"]
files = [
    {file = "latex_generator_dazaii-0.1.0-py3-none-any.whl", hash = "sha256:652a1715edffbd2173e78688605c9406ec563d7574967e29a158ce116cf2aef4"},
    {file = "latex_generator_dazaii-0.1.0.tar.gz", hash = "sha256:d930ac4dd9e97c1376d8991a9f2b93ecc5d78f8ae990e2068598d4b4daf38774"},
]

[metadata]
lock-version = "2.1"
python-versions = ">=3.8"
content-hash = "5148b590f6f09cfe66a578d3435a4ea224fd8b3792fb9aa22510f0e735ad8189"
